
Microsoft Visual Studio Solution File, Format Version 12.00
# Visual Studio Version 17
VisualStudioVersion = 17.3.32922.545
MinimumVisualStudioVersion = 10.0.40219.1
Project("{FAE04EC0-301F-11D3-BF4B-00C04F79EFBC}") = "N2", "Domashnee_zadane_2\N2.csproj", "{06073CEF-AF0F-495B-A767-DCC19F9CB500}"
EndProject
Project("{FAE04EC0-301F-11D3-BF4B-00C04F79EFBC}") = "N1", "No1\N1.csproj", "{49D11E29-4F97-4518-A66D-8ED442AE8C49}"
EndProject
Project("{FAE04EC0-301F-11D3-BF4B-00C04F79EFBC}") = "N3", "No3\N3.csproj", "{65F08F60-28C7-4BA9-8D7D-39C511E45101}"
EndProject
Project("{FAE04EC0-301F-11D3-BF4B-00C04F79EFBC}") = "N4", "No4\N4.csproj", "{74DC721C-2D14-4EE3-9CB0-B743A9B412F2}"
EndProject
Project("{FAE04EC0-301F-11D3-BF4B-00C04F79EFBC}") = "N5", "N5\N5.csproj", "{BCAC9DCE-626A-4FC5-817E-1D532255D326}"
EndProject
Global
	GlobalSection(SolutionConfigurationPlatforms) = preSolution
		Debug|Any CPU = Debug|Any CPU
		Release|Any CPU = Release|Any CPU
	EndGlobalSection
	GlobalSection(ProjectConfigurationPlatforms) = postSolution
		{06073CEF-AF0F-495B-A767-DCC19F9CB500}.Debug|Any CPU.ActiveCfg = Debug|Any CPU
		{06073CEF-AF0F-495B-A767-DCC19F9CB500}.Debug|Any CPU.Build.0 = Debug|Any CPU
		{06073CEF-AF0F-495B-A767-DCC19F9CB500}.Release|Any CPU.ActiveCfg = Release|Any CPU
		{06073CEF-AF0F-495B-A767-DCC19F9CB500}.Release|Any CPU.Build.0 = Release|Any CPU
		{49D11E29-4F97-4518-A66D-8ED442AE8C49}.Debug|Any CPU.ActiveCfg = Debug|Any CPU
		{49D11E29-4F97-4518-A66D-8ED442AE8C49}.Debug|Any CPU.Build.0 = Debug|Any CPU
		{49D11E29-4F97-4518-A66D-8ED442AE8C49}.Release|Any CPU.ActiveCfg = Release|Any CPU
		{49D11E29-4F97-4518-A66D-8ED442AE8C49}.Release|Any CPU.Build.0 = Release|Any CPU
		{65F08F60-28C7-4BA9-8D7D-39C511E45101}.Debug|Any CPU.ActiveCfg = Debug|Any CPU
		{65F08F60-28C7-4BA9-8D7D-39C511E45101}.Debug|Any CPU.Build.0 = Debug|Any CPU
		{65F08F60-28C7-4BA9-8D7D-39C511E45101}.Release|Any CPU.ActiveCfg = Release|Any CPU
		{65F08F60-28C7-4BA9-8D7D-39C511E45101}.Release|Any CPU.Build.0 = Release|Any CPU
		{74DC721C-2D14-4EE3-9CB0-B743A9B412F2}.Debug|Any CPU.ActiveCfg = Debug|Any CPU
		{74DC721C-2D14-4EE3-9CB0-B743A9B412F2}.Debug|Any CPU.Build.0 = Debug|Any CPU
		{74DC721C-2D14-4EE3-9CB0-B743A9B412F2}.Release|Any CPU.ActiveCfg = Release|Any CPU
		{74DC721C-2D14-4EE3-9CB0-B743A9B412F2}.Release|Any CPU.Build.0 = Release|Any CPU
		{BCAC9DCE-626A-4FC5-817E-1D532255D326}.Debug|Any CPU.ActiveCfg = Debug|Any CPU
		{BCAC9DCE-626A-4FC5-817E-1D532255D326}.Debug|Any CPU.Build.0 = Debug|Any CPU
		{BCAC9DCE-626A-4FC5-817E-1D532255D326}.Release|Any CPU.ActiveCfg = Release|Any CPU
		{BCAC9DCE-626A-4FC5-817E-1D532255D326}.Release|Any CPU.Build.0 = Release|Any CPU
	EndGlobalSection
	GlobalSection(SolutionProperties) = preSolution
		HideSolutionNode = FALSE
	EndGlobalSection
	GlobalSection(ExtensibilityGlobals) = postSolution
		SolutionGuid = {0DC4C56E-52F9-420A-96E1-12D0A5EE1F5B}
	EndGlobalSection
EndGlobal
